
Microsoft Visual Studio Solution File, Format Version 12.00
# Visual Studio Version 17
VisualStudioVersion = 17.13.35825.156 d17.13
MinimumVisualStudioVersion = 10.0.40219.1
Project("{FAE04EC0-301F-11D3-BF4B-00C04F79EFBC}") = "WebApp", "WebApp\WebApp.csproj", "{307E4C44-CC44-478E-98A1-A029C1380F2E}"
EndProject
Global
	GlobalSection(SolutionConfigurationPlatforms) = preSolution
		Debug|Any CPU = Debug|Any CPU
		Release|Any CPU = Release|Any CPU
	EndGlobalSection
	GlobalSection(ProjectConfigurationPlatforms) = postSolution
		{307E4C44-CC44-478E-98A1-A029C1380F2E}.Debug|Any CPU.ActiveCfg = Debug|Any CPU
		{307E4C44-CC44-478E-98A1-A029C1380F2E}.Debug|Any CPU.Build.0 = Debug|Any CPU
		{307E4C44-CC44-478E-98A1-A029C1380F2E}.Release|Any CPU.ActiveCfg = Release|Any CPU
		{307E4C44-CC44-478E-98A1-A029C1380F2E}.Release|Any CPU.Build.0 = Release|Any CPU
	EndGlobalSection
	GlobalSection(SolutionProperties) = preSolution
		HideSolutionNode = FALSE
	EndGlobalSection
	GlobalSection(ExtensibilityGlobals) = postSolution
		SolutionGuid = {9C5A7EF9-67A7-40F8-906F-F7876DEAFD6E}
	EndGlobalSection
EndGlobal
